// !$*UTF8*$!
{
	archiveVersion = 1;
	classes = {
	};
	objectVersion = 48;
	objects = {

/* Begin PBXBuildFile section */
		FD7F62AF1F9E31C8008D4D97 /* AppDelegate.swift in Sources */ = {isa = PBXBuildFile; fileRef = FD7F62AE1F9E31C8008D4D97 /* AppDelegate.swift */; };
		FD7F62B11F9E31C8008D4D97 /* ViewController.swift in Sources */ = {isa = PBXBuildFile; fileRef = FD7F62B01F9E31C8008D4D97 /* ViewController.swift */; };
		FD7F62B41F9E31C8008D4D97 /* Main.storyboard in Resources */ = {isa = PBXBuildFile; fileRef = FD7F62B21F9E31C8008D4D97 /* Main.storyboard */; };
		FD7F62B61F9E31C8008D4D97 /* Assets.xcassets in Resources */ = {isa = PBXBuildFile; fileRef = FD7F62B51F9E31C8008D4D97 /* Assets.xcassets */; };
		FD7F62B91F9E31C8008D4D97 /* LaunchScreen.storyboard in Resources */ = {isa = PBXBuildFile; fileRef = FD7F62B71F9E31C8008D4D97 /* LaunchScreen.storyboard */; };
		FD7F62C41F9E31C8008D4D97 /* SegmentLocalyticsDemoTests.swift in Sources */ = {isa = PBXBuildFile; fileRef = FD7F62C31F9E31C8008D4D97 /* SegmentLocalyticsDemoTests.swift */; };
		FD7F62CF1F9E31C9008D4D97 /* SegmentLocalyticsDemoUITests.swift in Sources */ = {isa = PBXBuildFile; fileRef = FD7F62CE1F9E31C9008D4D97 /* SegmentLocalyticsDemoUITests.swift */; };
/* End PBXBuildFile section */

/* Begin PBXContainerItemProxy section */
		FD7F62C01F9E31C8008D4D97 /* PBXContainerItemProxy */ = {
			isa = PBXContainerItemProxy;
			containerPortal = FD7F62A31F9E31C8008D4D97 /* Project object */;
			proxyType = 1;
			remoteGlobalIDString = FD7F62AA1F9E31C8008D4D97;
			remoteInfo = SegmentLocalyticsDemo;
		};
		FD7F62CB1F9E31C8008D4D97 /* PBXContainerItemProxy */ = {
			isa = PBXContainerItemProxy;
			containerPortal = FD7F62A31F9E31C8008D4D97 /* Project object */;
			proxyType = 1;
			remoteGlobalIDString = FD7F62AA1F9E31C8008D4D97;
			remoteInfo = SegmentLocalyticsDemo;
		};
/* End PBXContainerItemProxy section */

/* Begin PBXFileReference section */
		FD7F62AB1F9E31C8008D4D97 /* SegmentLocalyticsDemo.app */ = {isa = PBXFileReference; explicitFileType = wrapper.application; includeInIndex = 0; path = SegmentLocalyticsDemo.app; sourceTree = BUILT_PRODUCTS_DIR; };
		FD7F62AE1F9E31C8008D4D97 /* AppDelegate.swift */ = {isa = PBXFileReference; lastKnownFileType = sourcecode.swift; path = AppDelegate.swift; sourceTree = "<group>"; };
		FD7F62B01F9E31C8008D4D97 /* ViewController.swift */ = {isa = PBXFileReference; lastKnownFileType = sourcecode.swift; path = ViewController.swift; sourceTree = "<group>"; };
		FD7F62B31F9E31C8008D4D97 /* Base */ = {isa = PBXFileReference; lastKnownFileType = file.storyboard; name = Base; path = Base.lproj/Main.storyboard; sourceTree = "<group>"; };
		FD7F62B51F9E31C8008D4D97 /* Assets.xcassets */ = {isa = PBXFileReference; lastKnownFileType = folder.assetcatalog; path = Assets.xcassets; sourceTree = "<group>"; };
		FD7F62B81F9E31C8008D4D97 /* Base */ = {isa = PBXFileReference; lastKnownFileType = file.storyboard; name = Base; path = Base.lproj/LaunchScreen.storyboard; sourceTree = "<group>"; };
		FD7F62BA1F9E31C8008D4D97 /* Info.plist */ = {isa = PBXFileReference; lastKnownFileType = text.plist.xml; path = Info.plist; sourceTree = "<group>"; };
		FD7F62BF1F9E31C8008D4D97 /* SegmentLocalyticsDemoTests.xctest */ = {isa = PBXFileReference; explicitFileType = wrapper.cfbundle; includeInIndex = 0; path = SegmentLocalyticsDemoTests.xctest; sourceTree = BUILT_PRODUCTS_DIR; };
		FD7F62C31F9E31C8008D4D97 /* SegmentLocalyticsDemoTests.swift */ = {isa = PBXFileReference; lastKnownFileType = sourcecode.swift; path = SegmentLocalyticsDemoTests.swift; sourceTree = "<group>"; };
		FD7F62C51F9E31C8008D4D97 /* Info.plist */ = {isa = PBXFileReference; lastKnownFileType = text.plist.xml; path = Info.plist; sourceTree = "<group>"; };
		FD7F62CA1F9E31C8008D4D97 /* SegmentLocalyticsDemoUITests.xctest */ = {isa = PBXFileReference; explicitFileType = wrapper.cfbundle; includeInIndex = 0; path = SegmentLocalyticsDemoUITests.xctest; sourceTree = BUILT_PRODUCTS_DIR; };
		FD7F62CE1F9E31C9008D4D97 /* SegmentLocalyticsDemoUITests.swift */ = {isa = PBXFileReference; lastKnownFileType = sourcecode.swift; path = SegmentLocalyticsDemoUITests.swift; sourceTree = "<group>"; };
		FD7F62D01F9E31C9008D4D97 /* Info.plist */ = {isa = PBXFileReference; lastKnownFileType = text.plist.xml; path = Info.plist; sourceTree = "<group>"; };
/* End PBXFileReference section */

/* Begin PBXFrameworksBuildPhase section */
		FD7F62A81F9E31C8008D4D97 /* Frameworks */ = {
			isa = PBXFrameworksBuildPhase;
			buildActionMask = 2147483647;
			files = (
			);
			runOnlyForDeploymentPostprocessing = 0;
		};
		FD7F62BC1F9E31C8008D4D97 /* Frameworks */ = {
			isa = PBXFrameworksBuildPhase;
			buildActionMask = 2147483647;
			files = (
			);
			runOnlyForDeploymentPostprocessing = 0;
		};
		FD7F62C71F9E31C8008D4D97 /* Frameworks */ = {
			isa = PBXFrameworksBuildPhase;
			buildActionMask = 2147483647;
			files = (
			);
			runOnlyForDeploymentPostprocessing = 0;
		};
/* End PBXFrameworksBuildPhase section */

/* Begin PBXGroup section */
		FD7F62A21F9E31C8008D4D97 = {
			isa = PBXGroup;
			children = (
				FD7F62AD1F9E31C8008D4D97 /* SegmentLocalyticsDemo */,
				FD7F62C21F9E31C8008D4D97 /* SegmentLocalyticsDemoTests */,
				FD7F62CD1F9E31C9008D4D97 /* SegmentLocalyticsDemoUITests */,
				FD7F62AC1F9E31C8008D4D97 /* Products */,
			);
			sourceTree = "<group>";
		};
		FD7F62AC1F9E31C8008D4D97 /* Products */ = {
			isa = PBXGroup;
			children = (
				FD7F62AB1F9E31C8008D4D97 /* SegmentLocalyticsDemo.app */,
				FD7F62BF1F9E31C8008D4D97 /* SegmentLocalyticsDemoTests.xctest */,
				FD7F62CA1F9E31C8008D4D97 /* SegmentLocalyticsDemoUITests.xctest */,
			);
			name = Products;
			sourceTree = "<group>";
		};
		FD7F62AD1F9E31C8008D4D97 /* SegmentLocalyticsDemo */ = {
			isa = PBXGroup;
			children = (
				FD7F62AE1F9E31C8008D4D97 /* AppDelegate.swift */,
				FD7F62B01F9E31C8008D4D97 /* ViewController.swift */,
				FD7F62B21F9E31C8008D4D97 /* Main.storyboard */,
				FD7F62B51F9E31C8008D4D97 /* Assets.xcassets */,
				FD7F62B71F9E31C8008D4D97 /* LaunchScreen.storyboard */,
				FD7F62BA1F9E31C8008D4D97 /* Info.plist */,
			);
			path = SegmentLocalyticsDemo;
			sourceTree = "<group>";
		};
		FD7F62C21F9E31C8008D4D97 /* SegmentLocalyticsDemoTests */ = {
			isa = PBXGroup;
			children = (
				FD7F62C31F9E31C8008D4D97 /* SegmentLocalyticsDemoTests.swift */,
				FD7F62C51F9E31C8008D4D97 /* Info.plist */,
			);
			path = SegmentLocalyticsDemoTests;
			sourceTree = "<group>";
		};
		FD7F62CD1F9E31C9008D4D97 /* SegmentLocalyticsDemoUITests */ = {
			isa = PBXGroup;
			children = (
				FD7F62CE1F9E31C9008D4D97 /* SegmentLocalyticsDemoUITests.swift */,
				FD7F62D01F9E31C9008D4D97 /* Info.plist */,
			);
			path = SegmentLocalyticsDemoUITests;
			sourceTree = "<group>";
		};
/* End PBXGroup section */

/* Begin PBXNativeTarget section */
		FD7F62AA1F9E31C8008D4D97 /* SegmentLocalyticsDemo */ = {
			isa = PBXNativeTarget;
			buildConfigurationList = FD7F62D31F9E31C9008D4D97 /* Build configuration list for PBXNativeTarget "SegmentLocalyticsDemo" */;
			buildPhases = (
				FD7F62A71F9E31C8008D4D97 /* Sources */,
				FD7F62A81F9E31C8008D4D97 /* Frameworks */,
				FD7F62A91F9E31C8008D4D97 /* Resources */,
			);
			buildRules = (
			);
			dependencies = (
			);
			name = SegmentLocalyticsDemo;
			productName = SegmentLocalyticsDemo;
			productReference = FD7F62AB1F9E31C8008D4D97 /* SegmentLocalyticsDemo.app */;
			productType = "com.apple.product-type.application";
		};
		FD7F62BE1F9E31C8008D4D97 /* SegmentLocalyticsDemoTests */ = {
			isa = PBXNativeTarget;
			buildConfigurationList = FD7F62D61F9E31C9008D4D97 /* Build configuration list for PBXNativeTarget "SegmentLocalyticsDemoTests" */;
			buildPhases = (
				FD7F62BB1F9E31C8008D4D97 /* Sources */,
				FD7F62BC1F9E31C8008D4D97 /* Frameworks */,
				FD7F62BD1F9E31C8008D4D97 /* Resources */,
			);
			buildRules = (
			);
			dependencies = (
				FD7F62C11F9E31C8008D4D97 /* PBXTargetDependency */,
			);
			name = SegmentLocalyticsDemoTests;
			productName = SegmentLocalyticsDemoTests;
			productReference = FD7F62BF1F9E31C8008D4D97 /* SegmentLocalyticsDemoTests.xctest */;
			productType = "com.apple.product-type.bundle.unit-test";
		};
		FD7F62C91F9E31C8008D4D97 /* SegmentLocalyticsDemoUITests */ = {
			isa = PBXNativeTarget;
			buildConfigurationList = FD7F62D91F9E31C9008D4D97 /* Build configuration list for PBXNativeTarget "SegmentLocalyticsDemoUITests" */;
			buildPhases = (
				FD7F62C61F9E31C8008D4D97 /* Sources */,
				FD7F62C71F9E31C8008D4D97 /* Frameworks */,
				FD7F62C81F9E31C8008D4D97 /* Resources */,
			);
			buildRules = (
			);
			dependencies = (
				FD7F62CC1F9E31C8008D4D97 /* PBXTargetDependency */,
			);
			name = SegmentLocalyticsDemoUITests;
			productName = SegmentLocalyticsDemoUITests;
			productReference = FD7F62CA1F9E31C8008D4D97 /* SegmentLocalyticsDemoUITests.xctest */;
			productType = "com.apple.product-type.bundle.ui-testing";
		};
/* End PBXNativeTarget section */

/* Begin PBXProject section */
		FD7F62A31F9E31C8008D4D97 /* Project object */ = {
			isa = PBXProject;
			attributes = {
				LastSwiftUpdateCheck = 0900;
				LastUpgradeCheck = 0900;
				ORGANIZATIONNAME = "Rani Aljondi";
				TargetAttributes = {
					FD7F62AA1F9E31C8008D4D97 = {
						CreatedOnToolsVersion = 9.0;
						ProvisioningStyle = Automatic;
					};
					FD7F62BE1F9E31C8008D4D97 = {
						CreatedOnToolsVersion = 9.0;
						ProvisioningStyle = Automatic;
						TestTargetID = FD7F62AA1F9E31C8008D4D97;
					};
					FD7F62C91F9E31C8008D4D97 = {
						CreatedOnToolsVersion = 9.0;
						ProvisioningStyle = Automatic;
						TestTargetID = FD7F62AA1F9E31C8008D4D97;
					};
				};
			};
			buildConfigurationList = FD7F62A61F9E31C8008D4D97 /* Build configuration list for PBXProject "SegmentLocalyticsDemo" */;
			compatibilityVersion = "Xcode 8.0";
			developmentRegion = en;
			hasScannedForEncodings = 0;
			knownRegions = (
				en,
				Base,
			);
			mainGroup = FD7F62A21F9E31C8008D4D97;
			productRefGroup = FD7F62AC1F9E31C8008D4D97 /* Products */;
			projectDirPath = "";
			projectRoot = "";
			targets = (
				FD7F62AA1F9E31C8008D4D97 /* SegmentLocalyticsDemo */,
				FD7F62BE1F9E31C8008D4D97 /* SegmentLocalyticsDemoTests */,
				FD7F62C91F9E31C8008D4D97 /* SegmentLocalyticsDemoUITests */,
			);
		};
/* End PBXProject section */

/* Begin PBXResourcesBuildPhase section */
		FD7F62A91F9E31C8008D4D97 /* Resources */ = {
			isa = PBXResourcesBuildPhase;
			buildActionMask = 2147483647;
			files = (
				FD7F62B91F9E31C8008D4D97 /* LaunchScreen.storyboard in Resources */,
				FD7F62B61F9E31C8008D4D97 /* Assets.xcassets in Resources */,
				FD7F62B41F9E31C8008D4D97 /* Main.storyboard in Resources */,
			);
			runOnlyForDeploymentPostprocessing = 0;
		};
		FD7F62BD1F9E31C8008D4D97 /* Resources */ = {
			isa = PBXResourcesBuildPhase;
			buildActionMask = 2147483647;
			files = (
			);
			runOnlyForDeploymentPostprocessing = 0;
		};
		FD7F62C81F9E31C8008D4D97 /* Resources */ = {
			isa = PBXResourcesBuildPhase;
			buildActionMask = 2147483647;
			files = (
			);
			runOnlyForDeploymentPostprocessing = 0;
		};
/* End PBXResourcesBuildPhase section */

/* Begin PBXSourcesBuildPhase section */
		FD7F62A71F9E31C8008D4D97 /* Sources */ = {
			isa = PBXSourcesBuildPhase;
			buildActionMask = 2147483647;
			files = (
				FD7F62B11F9E31C8008D4D97 /* ViewController.swift in Sources */,
				FD7F62AF1F9E31C8008D4D97 /* AppDelegate.swift in Sources */,
			);
			runOnlyForDeploymentPostprocessing = 0;
		};
		FD7F62BB1F9E31C8008D4D97 /* Sources */ = {
			isa = PBXSourcesBuildPhase;
			buildActionMask = 2147483647;
			files = (
				FD7F62C41F9E31C8008D4D97 /* SegmentLocalyticsDemoTests.swift in Sources */,
			);
			runOnlyForDeploymentPostprocessing = 0;
		};
		FD7F62C61F9E31C8008D4D97 /* Sources */ = {
			isa = PBXSourcesBuildPhase;
			buildActionMask = 2147483647;
			files = (
				FD7F62CF1F9E31C9008D4D97 /* SegmentLocalyticsDemoUITests.swift in Sources */,
			);
			runOnlyForDeploymentPostprocessing = 0;
		};
/* End PBXSourcesBuildPhase section */

/* Begin PBXTargetDependency section */
		FD7F62C11F9E31C8008D4D97 /* PBXTargetDependency */ = {
			isa = PBXTargetDependency;
			target = FD7F62AA1F9E31C8008D4D97 /* SegmentLocalyticsDemo */;
			targetProxy = FD7F62C01F9E31C8008D4D97 /* PBXContainerItemProxy */;
		};
		FD7F62CC1F9E31C8008D4D97 /* PBXTargetDependency */ = {
			isa = PBXTargetDependency;
			target = FD7F62AA1F9E31C8008D4D97 /* SegmentLocalyticsDemo */;
			targetProxy = FD7F62CB1F9E31C8008D4D97 /* PBXContainerItemProxy */;
		};
/* End PBXTargetDependency section */

/* Begin PBXVariantGroup section */
		FD7F62B21F9E31C8008D4D97 /* Main.storyboard */ = {
			isa = PBXVariantGroup;
			children = (
				FD7F62B31F9E31C8008D4D97 /* Base */,
			);
			name = Main.storyboard;
			sourceTree = "<group>";
		};
		FD7F62B71F9E31C8008D4D97 /* LaunchScreen.storyboard */ = {
			isa = PBXVariantGroup;
			children = (
				FD7F62B81F9E31C8008D4D97 /* Base */,
			);
			name = LaunchScreen.storyboard;
			sourceTree = "<group>";
		};
/* End PBXVariantGroup section */

/* Begin XCBuildConfiguration section */
		FD7F62D11F9E31C9008D4D97 /* Debug */ = {
			isa = XCBuildConfiguration;
			buildSettings = {
				ALWAYS_SEARCH_USER_PATHS = NO;
				CLANG_ANALYZER_NONNULL = YES;
				CLANG_ANALYZER_NUMBER_OBJECT_CONVERSION = YES_AGGRESSIVE;
				CLANG_CXX_LANGUAGE_STANDARD = "gnu++14";
				CLANG_CXX_LIBRARY = "libc++";
				CLANG_ENABLE_MODULES = YES;
				CLANG_ENABLE_OBJC_ARC = YES;
				CLANG_WARN_BLOCK_CAPTURE_AUTORELEASING = YES;
				CLANG_WARN_BOOL_CONVERSION = YES;
				CLANG_WARN_COMMA = YES;
				CLANG_WARN_CONSTANT_CONVERSION = YES;
				CLANG_WARN_DIRECT_OBJC_ISA_USAGE = YES_ERROR;
				CLANG_WARN_DOCUMENTATION_COMMENTS = YES;
				CLANG_WARN_EMPTY_BODY = YES;
				CLANG_WARN_ENUM_CONVERSION = YES;
				CLANG_WARN_INFINITE_RECURSION = YES;
				CLANG_WARN_INT_CONVERSION = YES;
				CLANG_WARN_NON_LITERAL_NULL_CONVERSION = YES;
				CLANG_WARN_OBJC_LITERAL_CONVERSION = YES;
				CLANG_WARN_OBJC_ROOT_CLASS = YES_ERROR;
				CLANG_WARN_RANGE_LOOP_ANALYSIS = YES;
				CLANG_WARN_STRICT_PROTOTYPES = YES;
				CLANG_WARN_SUSPICIOUS_MOVE = YES;
				CLANG_WARN_UNGUARDED_AVAILABILITY = YES_AGGRESSIVE;
				CLANG_WARN_UNREACHABLE_CODE = YES;
				CLANG_WARN__DUPLICATE_METHOD_MATCH = YES;
				CODE_SIGN_IDENTITY = "iPhone Developer";
				COPY_PHASE_STRIP = NO;
				DEBUG_INFORMATION_FORMAT = dwarf;
				ENABLE_STRICT_OBJC_MSGSEND = YES;
				ENABLE_TESTABILITY = YES;
				GCC_C_LANGUAGE_STANDARD = gnu11;
				GCC_DYNAMIC_NO_PIC = NO;
				GCC_NO_COMMON_BLOCKS = YES;
				GCC_OPTIMIZATION_LEVEL = 0;
				GCC_PREPROCESSOR_DEFINITIONS = (
					"DEBUG=1",
					"$(inherited)",
				);
				GCC_WARN_64_TO_32_BIT_CONVERSION = YES;
				GCC_WARN_ABOUT_RETURN_TYPE = YES_ERROR;
				GCC_WARN_UNDECLARED_SELECTOR = YES;
				GCC_WARN_UNINITIALIZED_AUTOS = YES_AGGRESSIVE;
				GCC_WARN_UNUSED_FUNCTION = YES;
				GCC_WARN_UNUSED_VARIABLE = YES;
				IPHONEOS_DEPLOYMENT_TARGET = 11.0;
				MTL_ENABLE_DEBUG_INFO = YES;
				ONLY_ACTIVE_ARCH = YES;
				SDKROOT = iphoneos;
				SWIFT_ACTIVE_COMPILATION_CONDITIONS = DEBUG;
				SWIFT_OPTIMIZATION_LEVEL = "-Onone";
			};
			name = Debug;
		};
		FD7F62D21F9E31C9008D4D97 /* Release */ = {
			isa = XCBuildConfiguration;
			buildSettings = {
				ALWAYS_SEARCH_USER_PATHS = NO;
				CLANG_ANALYZER_NONNULL = YES;
				CLANG_ANALYZER_NUMBER_OBJECT_CONVERSION = YES_AGGRESSIVE;
				CLANG_CXX_LANGUAGE_STANDARD = "gnu++14";
				CLANG_CXX_LIBRARY = "libc++";
				CLANG_ENABLE_MODULES = YES;
				CLANG_ENABLE_OBJC_ARC = YES;
				CLANG_WARN_BLOCK_CAPTURE_AUTORELEASING = YES;
				CLANG_WARN_BOOL_CONVERSION = YES;
				CLANG_WARN_COMMA = YES;
				CLANG_WARN_CONSTANT_CONVERSION = YES;
				CLANG_WARN_DIRECT_OBJC_ISA_USAGE = YES_ERROR;
				CLANG_WARN_DOCUMENTATION_COMMENTS = YES;
				CLANG_WARN_EMPTY_BODY = YES;
				CLANG_WARN_ENUM_CONVERSION = YES;
				CLANG_WARN_INFINITE_RECURSION = YES;
				CLANG_WARN_INT_CONVERSION = YES;
				CLANG_WARN_NON_LITERAL_NULL_CONVERSION = YES;
				CLANG_WARN_OBJC_LITERAL_CONVERSION = YES;
				CLANG_WARN_OBJC_ROOT_CLASS = YES_ERROR;
				CLANG_WARN_RANGE_LOOP_ANALYSIS = YES;
				CLANG_WARN_STRICT_PROTOTYPES = YES;
				CLANG_WARN_SUSPICIOUS_MOVE = YES;
				CLANG_WARN_UNGUARDED_AVAILABILITY = YES_AGGRESSIVE;
				CLANG_WARN_UNREACHABLE_CODE = YES;
				CLANG_WARN__DUPLICATE_METHOD_MATCH = YES;
				CODE_SIGN_IDENTITY = "iPhone Developer";
				COPY_PHASE_STRIP = NO;
				DEBUG_INFORMATION_FORMAT = "dwarf-with-dsym";
				ENABLE_NS_ASSERTIONS = NO;
				ENABLE_STRICT_OBJC_MSGSEND = YES;
				GCC_C_LANGUAGE_STANDARD = gnu11;
				GCC_NO_COMMON_BLOCKS = YES;
				GCC_WARN_64_TO_32_BIT_CONVERSION = YES;
				GCC_WARN_ABOUT_RETURN_TYPE = YES_ERROR;
				GCC_WARN_UNDECLARED_SELECTOR = YES;
				GCC_WARN_UNINITIALIZED_AUTOS = YES_AGGRESSIVE;
				GCC_WARN_UNUSED_FUNCTION = YES;
				GCC_WARN_UNUSED_VARIABLE = YES;
				IPHONEOS_DEPLOYMENT_TARGET = 11.0;
				MTL_ENABLE_DEBUG_INFO = NO;
				SDKROOT = iphoneos;
				SWIFT_OPTIMIZATION_LEVEL = "-Owholemodule";
				VALIDATE_PRODUCT = YES;
			};
			name = Release;
		};
		FD7F62D41F9E31C9008D4D97 /* Debug */ = {
			isa = XCBuildConfiguration;
			buildSettings = {
				ASSETCATALOG_COMPILER_APPICON_NAME = AppIcon;
				CODE_SIGN_STYLE = Automatic;
				INFOPLIST_FILE = SegmentLocalyticsDemo/Info.plist;
				LD_RUNPATH_SEARCH_PATHS = "$(inherited) @executable_path/Frameworks";
				PRODUCT_BUNDLE_IDENTIFIER = test.SegmentLocalyticsDemo;
				PRODUCT_NAME = "$(TARGET_NAME)";
				SWIFT_VERSION = 4.0;
				TARGETED_DEVICE_FAMILY = "1,2";
			};
			name = Debug;
		};
		FD7F62D51F9E31C9008D4D97 /* Release */ = {
			isa = XCBuildConfiguration;
			buildSettings = {
				ASSETCATALOG_COMPILER_APPICON_NAME = AppIcon;
				CODE_SIGN_STYLE = Automatic;
				INFOPLIST_FILE = SegmentLocalyticsDemo/Info.plist;
				LD_RUNPATH_SEARCH_PATHS = "$(inherited) @executable_path/Frameworks";
				PRODUCT_BUNDLE_IDENTIFIER = test.SegmentLocalyticsDemo;
				PRODUCT_NAME = "$(TARGET_NAME)";
				SWIFT_VERSION = 4.0;
				TARGETED_DEVICE_FAMILY = "1,2";
			};
			name = Release;
		};
		FD7F62D71F9E31C9008D4D97 /* Debug */ = {
			isa = XCBuildConfiguration;
			buildSettings = {
				ALWAYS_EMBED_SWIFT_STANDARD_LIBRARIES = YES;
				BUNDLE_LOADER = "$(TEST_HOST)";
				CODE_SIGN_STYLE = Automatic;
				INFOPLIST_FILE = SegmentLocalyticsDemoTests/Info.plist;
				LD_RUNPATH_SEARCH_PATHS = "$(inherited) @executable_path/Frameworks @loader_path/Frameworks";
				PRODUCT_BUNDLE_IDENTIFIER = test.SegmentLocalyticsDemoTests;
				PRODUCT_NAME = "$(TARGET_NAME)";
				SWIFT_VERSION = 4.0;
				TARGETED_DEVICE_FAMILY = "1,2";
				TEST_HOST = "$(BUILT_PRODUCTS_DIR)/SegmentLocalyticsDemo.app/SegmentLocalyticsDemo";
			};
			name = Debug;
		};
		FD7F62D81F9E31C9008D4D97 /* Release */ = {
			isa = XCBuildConfiguration;
			buildSettings = {
				ALWAYS_EMBED_SWIFT_STANDARD_LIBRARIES = YES;
				BUNDLE_LOADER = "$(TEST_HOST)";
				CODE_SIGN_STYLE = Automatic;
				INFOPLIST_FILE = SegmentLocalyticsDemoTests/Info.plist;
				LD_RUNPATH_SEARCH_PATHS = "$(inherited) @executable_path/Frameworks @loader_path/Frameworks";
				PRODUCT_BUNDLE_IDENTIFIER = test.SegmentLocalyticsDemoTests;
				PRODUCT_NAME = "$(TARGET_NAME)";
				SWIFT_VERSION = 4.0;
				TARGETED_DEVICE_FAMILY = "1,2";
				TEST_HOST = "$(BUILT_PRODUCTS_DIR)/SegmentLocalyticsDemo.app/SegmentLocalyticsDemo";
			};
			name = Release;
		};
		FD7F62DA1F9E31C9008D4D97 /* Debug */ = {
			isa = XCBuildConfiguration;
			buildSettings = {
				ALWAYS_EMBED_SWIFT_STANDARD_LIBRARIES = YES;
				CODE_SIGN_STYLE = Automatic;
				INFOPLIST_FILE = SegmentLocalyticsDemoUITests/Info.plist;
				LD_RUNPATH_SEARCH_PATHS = "$(inherited) @executable_path/Frameworks @loader_path/Frameworks";
				PRODUCT_BUNDLE_IDENTIFIER = test.SegmentLocalyticsDemoUITests;
				PRODUCT_NAME = "$(TARGET_NAME)";
				SWIFT_VERSION = 4.0;
				TARGETED_DEVICE_FAMILY = "1,2";
				TEST_TARGET_NAME = SegmentLocalyticsDemo;
			};
			name = Debug;
		};
		FD7F62DB1F9E31C9008D4D97 /* Release */ = {
			isa = XCBuildConfiguration;
			buildSettings = {
				ALWAYS_EMBED_SWIFT_STANDARD_LIBRARIES = YES;
				CODE_SIGN_STYLE = Automatic;
				INFOPLIST_FILE = SegmentLocalyticsDemoUITests/Info.plist;
				LD_RUNPATH_SEARCH_PATHS = "$(inherited) @executable_path/Frameworks @loader_path/Frameworks";
				PRODUCT_BUNDLE_IDENTIFIER = test.SegmentLocalyticsDemoUITests;
				PRODUCT_NAME = "$(TARGET_NAME)";
				SWIFT_VERSION = 4.0;
				TARGETED_DEVICE_FAMILY = "1,2";
				TEST_TARGET_NAME = SegmentLocalyticsDemo;
			};
			name = Release;
		};
/* End XCBuildConfiguration section */

/* Begin XCConfigurationList section */
		FD7F62A61F9E31C8008D4D97 /* Build configuration list for PBXProject "SegmentLocalyticsDemo" */ = {
			isa = XCConfigurationList;
			buildConfigurations = (
				FD7F62D11F9E31C9008D4D97 /* Debug */,
				FD7F62D21F9E31C9008D4D97 /* Release */,
			);
			defaultConfigurationIsVisible = 0;
			defaultConfigurationName = Release;
		};
		FD7F62D31F9E31C9008D4D97 /* Build configuration list for PBXNativeTarget "SegmentLocalyticsDemo" */ = {
			isa = XCConfigurationList;
			buildConfigurations = (
				FD7F62D41F9E31C9008D4D97 /* Debug */,
				FD7F62D51F9E31C9008D4D97 /* Release */,
			);
			defaultConfigurationIsVisible = 0;
			defaultConfigurationName = Release;
		};
		FD7F62D61F9E31C9008D4D97 /* Build configuration list for PBXNativeTarget "SegmentLocalyticsDemoTests" */ = {
			isa = XCConfigurationList;
			buildConfigurations = (
				FD7F62D71F9E31C9008D4D97 /* Debug */,
				FD7F62D81F9E31C9008D4D97 /* Release */,
			);
			defaultConfigurationIsVisible = 0;
			defaultConfigurationName = Release;
		};
		FD7F62D91F9E31C9008D4D97 /* Build configuration list for PBXNativeTarget "SegmentLocalyticsDemoUITests" */ = {
			isa = XCConfigurationList;
			buildConfigurations = (
				FD7F62DA1F9E31C9008D4D97 /* Debug */,
				FD7F62DB1F9E31C9008D4D97 /* Release */,
			);
			defaultConfigurationIsVisible = 0;
			defaultConfigurationName = Release;
		};
/* End XCConfigurationList section */
	};
	rootObject = FD7F62A31F9E31C8008D4D97 /* Project object */;
}
